
Microsoft Visual Studio Solution File, Format Version 12.00
# Visual Studio 15
Project("{FAE04EC0-301F-11D3-BF4B-00C04F79EFBC}") = "BeautyServicesMock.Android", "BeautyServicesMock.Android\BeautyServicesMock.Android.csproj", "{617331C0-E0A7-451B-9B55-B26F515F3F25}"
EndProject
Project("{FAE04EC0-301F-11D3-BF4B-00C04F79EFBC}") = "BeautyServicesMock.iOS", "BeautyServicesMock.iOS\BeautyServicesMock.iOS.csproj", "{79347CAC-DB07-471C-A49D-B92F0A6E9656}"
EndProject
Project("{FAE04EC0-301F-11D3-BF4B-00C04F79EFBC}") = "BeautyServicesMock", "BeautyServicesMock\BeautyServicesMock.csproj", "{506FD0B8-CEBF-4016-BDE9-E1F81D57F6E9}"
EndProject
Global
	GlobalSection(SolutionConfigurationPlatforms) = preSolution
		Debug|Any CPU = Debug|Any CPU
		Release|Any CPU = Release|Any CPU
		Debug|iPhoneSimulator = Debug|iPhoneSimulator
		Release|iPhoneSimulator = Release|iPhoneSimulator
		Debug|iPhone = Debug|iPhone
		Release|iPhone = Release|iPhone
		Ad-Hoc|iPhone = Ad-Hoc|iPhone
		AppStore|iPhone = AppStore|iPhone
	EndGlobalSection
	GlobalSection(ProjectConfigurationPlatforms) = postSolution
		{617331C0-E0A7-451B-9B55-B26F515F3F25}.Debug|Any CPU.ActiveCfg = Debug|Any CPU
		{617331C0-E0A7-451B-9B55-B26F515F3F25}.Debug|Any CPU.Build.0 = Debug|Any CPU
		{617331C0-E0A7-451B-9B55-B26F515F3F25}.Release|Any CPU.ActiveCfg = Release|Any CPU
		{617331C0-E0A7-451B-9B55-B26F515F3F25}.Release|Any CPU.Build.0 = Release|Any CPU
		{617331C0-E0A7-451B-9B55-B26F515F3F25}.Debug|iPhoneSimulator.ActiveCfg = Debug|Any CPU
		{617331C0-E0A7-451B-9B55-B26F515F3F25}.Debug|iPhoneSimulator.Build.0 = Debug|Any CPU
		{617331C0-E0A7-451B-9B55-B26F515F3F25}.Release|iPhoneSimulator.ActiveCfg = Release|Any CPU
		{617331C0-E0A7-451B-9B55-B26F515F3F25}.Release|iPhoneSimulator.Build.0 = Release|Any CPU
		{617331C0-E0A7-451B-9B55-B26F515F3F25}.Debug|iPhone.ActiveCfg = Debug|Any CPU
		{617331C0-E0A7-451B-9B55-B26F515F3F25}.Debug|iPhone.Build.0 = Debug|Any CPU
		{617331C0-E0A7-451B-9B55-B26F515F3F25}.Release|iPhone.ActiveCfg = Release|Any CPU
		{617331C0-E0A7-451B-9B55-B26F515F3F25}.Release|iPhone.Build.0 = Release|Any CPU
		{617331C0-E0A7-451B-9B55-B26F515F3F25}.Ad-Hoc|iPhone.ActiveCfg = Debug|Any CPU
		{617331C0-E0A7-451B-9B55-B26F515F3F25}.Ad-Hoc|iPhone.Build.0 = Debug|Any CPU
		{617331C0-E0A7-451B-9B55-B26F515F3F25}.AppStore|iPhone.ActiveCfg = Debug|Any CPU
		{617331C0-E0A7-451B-9B55-B26F515F3F25}.AppStore|iPhone.Build.0 = Debug|Any CPU
		{79347CAC-DB07-471C-A49D-B92F0A6E9656}.Debug|Any CPU.ActiveCfg = Debug|iPhoneSimulator
		{79347CAC-DB07-471C-A49D-B92F0A6E9656}.Debug|Any CPU.Build.0 = Debug|iPhoneSimulator
		{79347CAC-DB07-471C-A49D-B92F0A6E9656}.Release|Any CPU.ActiveCfg = Release|iPhoneSimulator
		{79347CAC-DB07-471C-A49D-B92F0A6E9656}.Release|Any CPU.Build.0 = Release|iPhoneSimulator
		{79347CAC-DB07-471C-A49D-B92F0A6E9656}.Debug|iPhoneSimulator.ActiveCfg = Debug|iPhoneSimulator
		{79347CAC-DB07-471C-A49D-B92F0A6E9656}.Debug|iPhoneSimulator.Build.0 = Debug|iPhoneSimulator
		{79347CAC-DB07-471C-A49D-B92F0A6E9656}.Release|iPhoneSimulator.ActiveCfg = Release|iPhoneSimulator
		{79347CAC-DB07-471C-A49D-B92F0A6E9656}.Release|iPhoneSimulator.Build.0 = Release|iPhoneSimulator
		{79347CAC-DB07-471C-A49D-B92F0A6E9656}.Debug|iPhone.ActiveCfg = Debug|iPhone
		{79347CAC-DB07-471C-A49D-B92F0A6E9656}.Debug|iPhone.Build.0 = Debug|iPhone
		{79347CAC-DB07-471C-A49D-B92F0A6E9656}.Release|iPhone.ActiveCfg = Release|iPhone
		{79347CAC-DB07-471C-A49D-B92F0A6E9656}.Release|iPhone.Build.0 = Release|iPhone
		{79347CAC-DB07-471C-A49D-B92F0A6E9656}.Ad-Hoc|iPhone.ActiveCfg = Ad-Hoc|iPhone
		{79347CAC-DB07-471C-A49D-B92F0A6E9656}.Ad-Hoc|iPhone.Build.0 = Ad-Hoc|iPhone
		{79347CAC-DB07-471C-A49D-B92F0A6E9656}.AppStore|iPhone.ActiveCfg = AppStore|iPhone
		{79347CAC-DB07-471C-A49D-B92F0A6E9656}.AppStore|iPhone.Build.0 = AppStore|iPhone
		{506FD0B8-CEBF-4016-BDE9-E1F81D57F6E9}.Debug|Any CPU.ActiveCfg = Debug|Any CPU
		{506FD0B8-CEBF-4016-BDE9-E1F81D57F6E9}.Debug|Any CPU.Build.0 = Debug|Any CPU
		{506FD0B8-CEBF-4016-BDE9-E1F81D57F6E9}.Release|Any CPU.ActiveCfg = Release|Any CPU
		{506FD0B8-CEBF-4016-BDE9-E1F81D57F6E9}.Release|Any CPU.Build.0 = Release|Any CPU
		{506FD0B8-CEBF-4016-BDE9-E1F81D57F6E9}.Debug|iPhoneSimulator.ActiveCfg = Debug|Any CPU
		{506FD0B8-CEBF-4016-BDE9-E1F81D57F6E9}.Debug|iPhoneSimulator.Build.0 = Debug|Any CPU
		{506FD0B8-CEBF-4016-BDE9-E1F81D57F6E9}.Release|iPhoneSimulator.ActiveCfg = Release|Any CPU
		{506FD0B8-CEBF-4016-BDE9-E1F81D57F6E9}.Release|iPhoneSimulator.Build.0 = Release|Any CPU
		{506FD0B8-CEBF-4016-BDE9-E1F81D57F6E9}.Debug|iPhone.ActiveCfg = Debug|Any CPU
		{506FD0B8-CEBF-4016-BDE9-E1F81D57F6E9}.Debug|iPhone.Build.0 = Debug|Any CPU
		{506FD0B8-CEBF-4016-BDE9-E1F81D57F6E9}.Release|iPhone.ActiveCfg = Release|Any CPU
		{506FD0B8-CEBF-4016-BDE9-E1F81D57F6E9}.Release|iPhone.Build.0 = Release|Any CPU
		{506FD0B8-CEBF-4016-BDE9-E1F81D57F6E9}.Ad-Hoc|iPhone.ActiveCfg = Debug|Any CPU
		{506FD0B8-CEBF-4016-BDE9-E1F81D57F6E9}.Ad-Hoc|iPhone.Build.0 = Debug|Any CPU
		{506FD0B8-CEBF-4016-BDE9-E1F81D57F6E9}.AppStore|iPhone.ActiveCfg = Debug|Any CPU
		{506FD0B8-CEBF-4016-BDE9-E1F81D57F6E9}.AppStore|iPhone.Build.0 = Debug|Any CPU
	EndGlobalSection
EndGlobal
